
Microsoft Visual Studio Solution File, Format Version 12.00
# Visual Studio Version 16
VisualStudioVersion = 16.0.32630.194
MinimumVisualStudioVersion = 10.0.40219.1
Project("{8BC9CEB8-8B4A-11D0-8D11-00A0C91BC942}") = "cppExample", "cppExample\cppExample.vcxproj", "{536741E1-5CB4-45E3-8AC9-21EF02D32F2F}"
EndProject
Project("{8BC9CEB8-8B4A-11D0-8D11-00A0C91BC942}") = "변수, 자료형, auto, 입력 방법", "변수, 자료형, auto, 입력 방법\변수, 자료형, auto, 입력 방법.vcxproj", "{784F80DD-82F9-4274-A119-857CDE14D55C}"
EndProject
Project("{8BC9CEB8-8B4A-11D0-8D11-00A0C91BC942}") = "제어구조(조건문, 반복문)", "제어구조(조건문, 반복문)\제어구조(조건문, 반복문).vcxproj", "{E8DE7B81-13EB-45E4-8CBC-DCA34FF62C4D}"
EndProject
Project("{8BC9CEB8-8B4A-11D0-8D11-00A0C91BC942}") = "반복문", "반복문\반복문.vcxproj", "{D89C1468-FCA9-4142-B5A0-3672CD20035D}"
EndProject
Project("{8BC9CEB8-8B4A-11D0-8D11-00A0C91BC942}") = "배열", "배열\배열.vcxproj", "{09FBF516-090A-4C08-8F02-3F8E7E1842A6}"
EndProject
Project("{8BC9CEB8-8B4A-11D0-8D11-00A0C91BC942}") = "함수", "함수\함수.vcxproj", "{5AF6D395-186F-469E-BD6D-2BBBCEDEDB35}"
EndProject
Global
	GlobalSection(SolutionConfigurationPlatforms) = preSolution
		Debug|x64 = Debug|x64
		Debug|x86 = Debug|x86
		Release|x64 = Release|x64
		Release|x86 = Release|x86
	EndGlobalSection
	GlobalSection(ProjectConfigurationPlatforms) = postSolution
		{536741E1-5CB4-45E3-8AC9-21EF02D32F2F}.Debug|x64.ActiveCfg = Debug|x64
		{536741E1-5CB4-45E3-8AC9-21EF02D32F2F}.Debug|x64.Build.0 = Debug|x64
		{536741E1-5CB4-45E3-8AC9-21EF02D32F2F}.Debug|x86.ActiveCfg = Debug|Win32
		{536741E1-5CB4-45E3-8AC9-21EF02D32F2F}.Debug|x86.Build.0 = Debug|Win32
		{536741E1-5CB4-45E3-8AC9-21EF02D32F2F}.Release|x64.ActiveCfg = Release|x64
		{536741E1-5CB4-45E3-8AC9-21EF02D32F2F}.Release|x64.Build.0 = Release|x64
		{536741E1-5CB4-45E3-8AC9-21EF02D32F2F}.Release|x86.ActiveCfg = Release|Win32
		{536741E1-5CB4-45E3-8AC9-21EF02D32F2F}.Release|x86.Build.0 = Release|Win32
		{784F80DD-82F9-4274-A119-857CDE14D55C}.Debug|x64.ActiveCfg = Debug|x64
		{784F80DD-82F9-4274-A119-857CDE14D55C}.Debug|x64.Build.0 = Debug|x64
		{784F80DD-82F9-4274-A119-857CDE14D55C}.Debug|x86.ActiveCfg = Debug|Win32
		{784F80DD-82F9-4274-A119-857CDE14D55C}.Debug|x86.Build.0 = Debug|Win32
		{784F80DD-82F9-4274-A119-857CDE14D55C}.Release|x64.ActiveCfg = Release|x64
		{784F80DD-82F9-4274-A119-857CDE14D55C}.Release|x64.Build.0 = Release|x64
		{784F80DD-82F9-4274-A119-857CDE14D55C}.Release|x86.ActiveCfg = Release|Win32
		{784F80DD-82F9-4274-A119-857CDE14D55C}.Release|x86.Build.0 = Release|Win32
		{E8DE7B81-13EB-45E4-8CBC-DCA34FF62C4D}.Debug|x64.ActiveCfg = Debug|x64
		{E8DE7B81-13EB-45E4-8CBC-DCA34FF62C4D}.Debug|x64.Build.0 = Debug|x64
		{E8DE7B81-13EB-45E4-8CBC-DCA34FF62C4D}.Debug|x86.ActiveCfg = Debug|Win32
		{E8DE7B81-13EB-45E4-8CBC-DCA34FF62C4D}.Debug|x86.Build.0 = Debug|Win32
		{E8DE7B81-13EB-45E4-8CBC-DCA34FF62C4D}.Release|x64.ActiveCfg = Release|x64
		{E8DE7B81-13EB-45E4-8CBC-DCA34FF62C4D}.Release|x64.Build.0 = Release|x64
		{E8DE7B81-13EB-45E4-8CBC-DCA34FF62C4D}.Release|x86.ActiveCfg = Release|Win32
		{E8DE7B81-13EB-45E4-8CBC-DCA34FF62C4D}.Release|x86.Build.0 = Release|Win32
		{D89C1468-FCA9-4142-B5A0-3672CD20035D}.Debug|x64.ActiveCfg = Debug|x64
		{D89C1468-FCA9-4142-B5A0-3672CD20035D}.Debug|x64.Build.0 = Debug|x64
		{D89C1468-FCA9-4142-B5A0-3672CD20035D}.Debug|x86.ActiveCfg = Debug|Win32
		{D89C1468-FCA9-4142-B5A0-3672CD20035D}.Debug|x86.Build.0 = Debug|Win32
		{D89C1468-FCA9-4142-B5A0-3672CD20035D}.Release|x64.ActiveCfg = Release|x64
		{D89C1468-FCA9-4142-B5A0-3672CD20035D}.Release|x64.Build.0 = Release|x64
		{D89C1468-FCA9-4142-B5A0-3672CD20035D}.Release|x86.ActiveCfg = Release|Win32
		{D89C1468-FCA9-4142-B5A0-3672CD20035D}.Release|x86.Build.0 = Release|Win32
		{09FBF516-090A-4C08-8F02-3F8E7E1842A6}.Debug|x64.ActiveCfg = Debug|x64
		{09FBF516-090A-4C08-8F02-3F8E7E1842A6}.Debug|x64.Build.0 = Debug|x64
		{09FBF516-090A-4C08-8F02-3F8E7E1842A6}.Debug|x86.ActiveCfg = Debug|Win32
		{09FBF516-090A-4C08-8F02-3F8E7E1842A6}.Debug|x86.Build.0 = Debug|Win32
		{09FBF516-090A-4C08-8F02-3F8E7E1842A6}.Release|x64.ActiveCfg = Release|x64
		{09FBF516-090A-4C08-8F02-3F8E7E1842A6}.Release|x64.Build.0 = Release|x64
		{09FBF516-090A-4C08-8F02-3F8E7E1842A6}.Release|x86.ActiveCfg = Release|Win32
		{09FBF516-090A-4C08-8F02-3F8E7E1842A6}.Release|x86.Build.0 = Release|Win32
		{5AF6D395-186F-469E-BD6D-2BBBCEDEDB35}.Debug|x64.ActiveCfg = Debug|x64
		{5AF6D395-186F-469E-BD6D-2BBBCEDEDB35}.Debug|x64.Build.0 = Debug|x64
		{5AF6D395-186F-469E-BD6D-2BBBCEDEDB35}.Debug|x86.ActiveCfg = Debug|Win32
		{5AF6D395-186F-469E-BD6D-2BBBCEDEDB35}.Debug|x86.Build.0 = Debug|Win32
		{5AF6D395-186F-469E-BD6D-2BBBCEDEDB35}.Release|x64.ActiveCfg = Release|x64
		{5AF6D395-186F-469E-BD6D-2BBBCEDEDB35}.Release|x64.Build.0 = Release|x64
		{5AF6D395-186F-469E-BD6D-2BBBCEDEDB35}.Release|x86.ActiveCfg = Release|Win32
		{5AF6D395-186F-469E-BD6D-2BBBCEDEDB35}.Release|x86.Build.0 = Release|Win32
	EndGlobalSection
	GlobalSection(SolutionProperties) = preSolution
		HideSolutionNode = FALSE
	EndGlobalSection
	GlobalSection(ExtensibilityGlobals) = postSolution
		SolutionGuid = {4FE1C794-8BCF-45D4-8B0B-405260FC069B}
	EndGlobalSection
EndGlobal
